# THIS IS AN AUTOGENERATED FILE. DO NOT EDIT THIS FILE DIRECTLY.
# yarn lockfile v1


"@types/node@^16":
  version "16.18.111"
  resolved "https://registry.yarnpkg.com/@types/node/-/node-16.18.111.tgz#db44583d67b747f1a3150e7e6f12ea0324b27a2c"
  integrity sha512-U1l6itlxU+vrJ9KyowQLKV9X+UuQBRhBF9v/XkGhAGgNHHRWzyY7FfTYRXt3vYOXPrd8UGlbYFK5HdneKCwXPQ==

typescript@^4.6:
  version "4.9.5"
  resolved "https://registry.yarnpkg.com/typescript/-/typescript-4.9.5.tgz#095979f9bcc0d09da324d58d03ce8f8374cbe65a"
  integrity sha512-1FXk9E2Hm+QzZQ7z+McJiHL4NW1F2EzMu9Nq9i3zAaGqibafqYwCVU6WyWAuyQRRzOlxou8xZSyXLEN8oKj24g==
